// !$*UTF8*$!
{
	archiveVersion = 1;
	classes = {
	};
	objectVersion = 50;
	objects = {

/* Begin PBXBuildFile section */
		AF14E1F323EDB794006E0104 /* AppDelegate.swift in Sources */ = {isa = PBXBuildFile; fileRef = AF14E1F223EDB794006E0104 /* AppDelegate.swift */; };
		AF14E1F823EDB794006E0104 /* Main.storyboard in Resources */ = {isa = PBXBuildFile; fileRef = AF14E1F623EDB794006E0104 /* Main.storyboard */; };
		AF14E1FA23EDB795006E0104 /* Assets.xcassets in Resources */ = {isa = PBXBuildFile; fileRef = AF14E1F923EDB795006E0104 /* Assets.xcassets */; };
		AF14E1FD23EDB795006E0104 /* LaunchScreen.storyboard in Resources */ = {isa = PBXBuildFile; fileRef = AF14E1FB23EDB795006E0104 /* LaunchScreen.storyboard */; };
		AF14E20723EDB854006E0104 /* MainViewController.swift in Sources */ = {isa = PBXBuildFile; fileRef = AF14E20523EDB854006E0104 /* MainViewController.swift */; };
		AF14E20823EDB854006E0104 /* MainViewController.xib in Resources */ = {isa = PBXBuildFile; fileRef = AF14E20623EDB854006E0104 /* MainViewController.xib */; };
		AF14E21023EDBAA5006E0104 /* SwiftyJSON.swift in Sources */ = {isa = PBXBuildFile; fileRef = AF14E20F23EDBAA5006E0104 /* SwiftyJSON.swift */; };
		AF14E21223EDBAC7006E0104 /* Country.swift in Sources */ = {isa = PBXBuildFile; fileRef = AF14E21123EDBAC7006E0104 /* Country.swift */; };
		AF14E21523EDBAFB006E0104 /* countriesDict.json in Resources */ = {isa = PBXBuildFile; fileRef = AF14E21423EDBAFB006E0104 /* countriesDict.json */; };
		AF14E21723EDBB36006E0104 /* Countries in Resources */ = {isa = PBXBuildFile; fileRef = AF14E21623EDBB36006E0104 /* Countries */; };
		AF14E21A23EDCD69006E0104 /* QuizViewController.swift in Sources */ = {isa = PBXBuildFile; fileRef = AF14E21823EDCD69006E0104 /* QuizViewController.swift */; };
		AF14E21B23EDCD69006E0104 /* QuizViewController.xib in Resources */ = {isa = PBXBuildFile; fileRef = AF14E21923EDCD69006E0104 /* QuizViewController.xib */; };
		AF14E21D23F17440006E0104 /* UIColor.swift in Sources */ = {isa = PBXBuildFile; fileRef = AF14E21C23F17440006E0104 /* UIColor.swift */; };
		AF14E21F23F299C6006E0104 /* GetFlags.swift in Sources */ = {isa = PBXBuildFile; fileRef = AF14E21E23F299C6006E0104 /* GetFlags.swift */; };
		AF14E22123F29D78006E0104 /* UIButton.swift in Sources */ = {isa = PBXBuildFile; fileRef = AF14E22023F29D78006E0104 /* UIButton.swift */; };
		AF1F693423F4A0C3005E6352 /* WebKit.framework in Frameworks */ = {isa = PBXBuildFile; fileRef = AF1F693323F4A0C3005E6352 /* WebKit.framework */; };
		AF8DA2B423F30877007DCB09 /* CountryListViewController.swift in Sources */ = {isa = PBXBuildFile; fileRef = AF8DA2B223F30877007DCB09 /* CountryListViewController.swift */; };
		AF8DA2B523F30877007DCB09 /* CountryListViewController.xib in Resources */ = {isa = PBXBuildFile; fileRef = AF8DA2B323F30877007DCB09 /* CountryListViewController.xib */; };
		AF8DA2B823F30BB2007DCB09 /* CountryListCell.swift in Sources */ = {isa = PBXBuildFile; fileRef = AF8DA2B623F30BB2007DCB09 /* CountryListCell.swift */; };
		AF8DA2B923F30BB2007DCB09 /* CountryListCell.xib in Resources */ = {isa = PBXBuildFile; fileRef = AF8DA2B723F30BB2007DCB09 /* CountryListCell.xib */; };
/* End PBXBuildFile section */

/* Begin PBXFileReference section */
		AF14E1EF23EDB794006E0104 /* FlagCountryQuiz.app */ = {isa = PBXFileReference; explicitFileType = wrapper.application; includeInIndex = 0; path = FlagCountryQuiz.app; sourceTree = BUILT_PRODUCTS_DIR; };
		AF14E1F223EDB794006E0104 /* AppDelegate.swift */ = {isa = PBXFileReference; lastKnownFileType = sourcecode.swift; path = AppDelegate.swift; sourceTree = "<group>"; };
		AF14E1F723EDB794006E0104 /* Base */ = {isa = PBXFileReference; lastKnownFileType = file.storyboard; name = Base; path = Base.lproj/Main.storyboard; sourceTree = "<group>"; };
		AF14E1F923EDB795006E0104 /* Assets.xcassets */ = {isa = PBXFileReference; lastKnownFileType = folder.assetcatalog; path = Assets.xcassets; sourceTree = "<group>"; };
		AF14E1FC23EDB795006E0104 /* Base */ = {isa = PBXFileReference; lastKnownFileType = file.storyboard; name = Base; path = Base.lproj/LaunchScreen.storyboard; sourceTree = "<group>"; };
		AF14E1FE23EDB795006E0104 /* Info.plist */ = {isa = PBXFileReference; lastKnownFileType = text.plist.xml; path = Info.plist; sourceTree = "<group>"; };
		AF14E20523EDB854006E0104 /* MainViewController.swift */ = {isa = PBXFileReference; lastKnownFileType = sourcecode.swift; path = MainViewController.swift; sourceTree = "<group>"; };
		AF14E20623EDB854006E0104 /* MainViewController.xib */ = {isa = PBXFileReference; lastKnownFileType = file.xib; path = MainViewController.xib; sourceTree = "<group>"; };
		AF14E20F23EDBAA5006E0104 /* SwiftyJSON.swift */ = {isa = PBXFileReference; fileEncoding = 4; lastKnownFileType = sourcecode.swift; path = SwiftyJSON.swift; sourceTree = "<group>"; };
		AF14E21123EDBAC7006E0104 /* Country.swift */ = {isa = PBXFileReference; fileEncoding = 4; lastKnownFileType = sourcecode.swift; path = Country.swift; sourceTree = "<group>"; };
		AF14E21423EDBAFB006E0104 /* countriesDict.json */ = {isa = PBXFileReference; fileEncoding = 4; lastKnownFileType = text.json; path = countriesDict.json; sourceTree = "<group>"; };
		AF14E21623EDBB36006E0104 /* Countries */ = {isa = PBXFileReference; lastKnownFileType = folder; path = Countries; sourceTree = "<group>"; };
		AF14E21823EDCD69006E0104 /* QuizViewController.swift */ = {isa = PBXFileReference; lastKnownFileType = sourcecode.swift; path = QuizViewController.swift; sourceTree = "<group>"; };
		AF14E21923EDCD69006E0104 /* QuizViewController.xib */ = {isa = PBXFileReference; lastKnownFileType = file.xib; path = QuizViewController.xib; sourceTree = "<group>"; };
		AF14E21C23F17440006E0104 /* UIColor.swift */ = {isa = PBXFileReference; fileEncoding = 4; lastKnownFileType = sourcecode.swift; path = UIColor.swift; sourceTree = "<group>"; };
		AF14E21E23F299C6006E0104 /* GetFlags.swift */ = {isa = PBXFileReference; lastKnownFileType = sourcecode.swift; path = GetFlags.swift; sourceTree = "<group>"; };
		AF14E22023F29D78006E0104 /* UIButton.swift */ = {isa = PBXFileReference; lastKnownFileType = sourcecode.swift; path = UIButton.swift; sourceTree = "<group>"; };
		AF1F693323F4A0C3005E6352 /* WebKit.framework */ = {isa = PBXFileReference; lastKnownFileType = wrapper.framework; name = WebKit.framework; path = System/Library/Frameworks/WebKit.framework; sourceTree = SDKROOT; };
		AF8DA2B223F30877007DCB09 /* CountryListViewController.swift */ = {isa = PBXFileReference; lastKnownFileType = sourcecode.swift; path = CountryListViewController.swift; sourceTree = "<group>"; };
		AF8DA2B323F30877007DCB09 /* CountryListViewController.xib */ = {isa = PBXFileReference; lastKnownFileType = file.xib; path = CountryListViewController.xib; sourceTree = "<group>"; };
		AF8DA2B623F30BB2007DCB09 /* CountryListCell.swift */ = {isa = PBXFileReference; lastKnownFileType = sourcecode.swift; path = CountryListCell.swift; sourceTree = "<group>"; };
		AF8DA2B723F30BB2007DCB09 /* CountryListCell.xib */ = {isa = PBXFileReference; lastKnownFileType = file.xib; path = CountryListCell.xib; sourceTree = "<group>"; };
/* End PBXFileReference section */

/* Begin PBXFrameworksBuildPhase section */
		AF14E1EC23EDB794006E0104 /* Frameworks */ = {
			isa = PBXFrameworksBuildPhase;
			buildActionMask = 2147483647;
			files = (
				AF1F693423F4A0C3005E6352 /* WebKit.framework in Frameworks */,
			);
			runOnlyForDeploymentPostprocessing = 0;
		};
/* End PBXFrameworksBuildPhase section */

/* Begin PBXGroup section */
		AF14E1E623EDB794006E0104 = {
			isa = PBXGroup;
			children = (
				AF14E1F123EDB794006E0104 /* FlagCountryQuiz */,
				AF14E1F023EDB794006E0104 /* Products */,
				AF1F693223F4A0C2005E6352 /* Frameworks */,
			);
			sourceTree = "<group>";
		};
		AF14E1F023EDB794006E0104 /* Products */ = {
			isa = PBXGroup;
			children = (
				AF14E1EF23EDB794006E0104 /* FlagCountryQuiz.app */,
			);
			name = Products;
			sourceTree = "<group>";
		};
		AF14E1F123EDB794006E0104 /* FlagCountryQuiz */ = {
			isa = PBXGroup;
			children = (
				AF14E1F223EDB794006E0104 /* AppDelegate.swift */,
				AF14E20E23EDBA42006E0104 /* Data */,
				AF14E20D23EDBA32006E0104 /* Helpers */,
				AF14E20423EDB842006E0104 /* Screens */,
				AF14E1F623EDB794006E0104 /* Main.storyboard */,
				AF14E21623EDBB36006E0104 /* Countries */,
				AF14E1F923EDB795006E0104 /* Assets.xcassets */,
				AF14E1FB23EDB795006E0104 /* LaunchScreen.storyboard */,
				AF14E1FE23EDB795006E0104 /* Info.plist */,
			);
			path = FlagCountryQuiz;
			sourceTree = "<group>";
		};
		AF14E20423EDB842006E0104 /* Screens */ = {
			isa = PBXGroup;
			children = (
				AF14E20C23EDB978006E0104 /* Menu */,
				AF14E20B23EDB95F006E0104 /* CountryList */,
				AF14E20A23EDB950006E0104 /* FlagQuiz */,
				AF14E20923EDB946006E0104 /* Main */,
			);
			path = Screens;
			sourceTree = "<group>";
		};
		AF14E20923EDB946006E0104 /* Main */ = {
			isa = PBXGroup;
			children = (
				AF14E20523EDB854006E0104 /* MainViewController.swift */,
				AF14E20623EDB854006E0104 /* MainViewController.xib */,
			);
			path = Main;
			sourceTree = "<group>";
		};
		AF14E20A23EDB950006E0104 /* FlagQuiz */ = {
			isa = PBXGroup;
			children = (
				AF14E21823EDCD69006E0104 /* QuizViewController.swift */,
				AF14E21923EDCD69006E0104 /* QuizViewController.xib */,
			);
			path = FlagQuiz;
			sourceTree = "<group>";
		};
		AF14E20B23EDB95F006E0104 /* CountryList */ = {
			isa = PBXGroup;
			children = (
				AF8DA2B223F30877007DCB09 /* CountryListViewController.swift */,
				AF8DA2B323F30877007DCB09 /* CountryListViewController.xib */,
				AF8DA2B623F30BB2007DCB09 /* CountryListCell.swift */,
				AF8DA2B723F30BB2007DCB09 /* CountryListCell.xib */,
			);
			path = CountryList;
			sourceTree = "<group>";
		};
		AF14E20C23EDB978006E0104 /* Menu */ = {
			isa = PBXGroup;
			children = (
			);
			path = Menu;
			sourceTree = "<group>";
		};
		AF14E20D23EDBA32006E0104 /* Helpers */ = {
			isa = PBXGroup;
			children = (
				AF14E21C23F17440006E0104 /* UIColor.swift */,
				AF14E22023F29D78006E0104 /* UIButton.swift */,
			);
			path = Helpers;
			sourceTree = "<group>";
		};
		AF14E20E23EDBA42006E0104 /* Data */ = {
			isa = PBXGroup;
			children = (
				AF14E20F23EDBAA5006E0104 /* SwiftyJSON.swift */,
				AF14E21123EDBAC7006E0104 /* Country.swift */,
				AF14E21E23F299C6006E0104 /* GetFlags.swift */,
				AF14E21423EDBAFB006E0104 /* countriesDict.json */,
			);
			path = Data;
			sourceTree = "<group>";
		};
		AF1F693223F4A0C2005E6352 /* Frameworks */ = {
			isa = PBXGroup;
			children = (
				AF1F693323F4A0C3005E6352 /* WebKit.framework */,
			);
			name = Frameworks;
			sourceTree = "<group>";
		};
/* End PBXGroup section */

/* Begin PBXNativeTarget section */
		AF14E1EE23EDB794006E0104 /* FlagCountryQuiz */ = {
			isa = PBXNativeTarget;
			buildConfigurationList = AF14E20123EDB795006E0104 /* Build configuration list for PBXNativeTarget "FlagCountryQuiz" */;
			buildPhases = (
				AF14E1EB23EDB794006E0104 /* Sources */,
				AF14E1EC23EDB794006E0104 /* Frameworks */,
				AF14E1ED23EDB794006E0104 /* Resources */,
			);
			buildRules = (
			);
			dependencies = (
			);
			name = FlagCountryQuiz;
			productName = FlagCountryQuiz;
			productReference = AF14E1EF23EDB794006E0104 /* FlagCountryQuiz.app */;
			productType = "com.apple.product-type.application";
		};
/* End PBXNativeTarget section */

/* Begin PBXProject section */
		AF14E1E723EDB794006E0104 /* Project object */ = {
			isa = PBXProject;
			attributes = {
				LastSwiftUpdateCheck = 1030;
				LastUpgradeCheck = 1030;
				ORGANIZATIONNAME = Henrik;
				TargetAttributes = {
					AF14E1EE23EDB794006E0104 = {
						CreatedOnToolsVersion = 10.3;
					};
				};
			};
			buildConfigurationList = AF14E1EA23EDB794006E0104 /* Build configuration list for PBXProject "FlagCountryQuiz" */;
			compatibilityVersion = "Xcode 9.3";
			developmentRegion = en;
			hasScannedForEncodings = 0;
			knownRegions = (
				en,
				Base,
			);
			mainGroup = AF14E1E623EDB794006E0104;
			productRefGroup = AF14E1F023EDB794006E0104 /* Products */;
			projectDirPath = "";
			projectRoot = "";
			targets = (
				AF14E1EE23EDB794006E0104 /* FlagCountryQuiz */,
			);
		};
/* End PBXProject section */

/* Begin PBXResourcesBuildPhase section */
		AF14E1ED23EDB794006E0104 /* Resources */ = {
			isa = PBXResourcesBuildPhase;
			buildActionMask = 2147483647;
			files = (
				AF14E1FD23EDB795006E0104 /* LaunchScreen.storyboard in Resources */,
				AF8DA2B923F30BB2007DCB09 /* CountryListCell.xib in Resources */,
				AF14E21723EDBB36006E0104 /* Countries in Resources */,
				AF14E21523EDBAFB006E0104 /* countriesDict.json in Resources */,
				AF14E1FA23EDB795006E0104 /* Assets.xcassets in Resources */,
				AF14E21B23EDCD69006E0104 /* QuizViewController.xib in Resources */,
				AF8DA2B523F30877007DCB09 /* CountryListViewController.xib in Resources */,
				AF14E1F823EDB794006E0104 /* Main.storyboard in Resources */,
				AF14E20823EDB854006E0104 /* MainViewController.xib in Resources */,
			);
			runOnlyForDeploymentPostprocessing = 0;
		};
/* End PBXResourcesBuildPhase section */

/* Begin PBXSourcesBuildPhase section */
		AF14E1EB23EDB794006E0104 /* Sources */ = {
			isa = PBXSourcesBuildPhase;
			buildActionMask = 2147483647;
			files = (
				AF14E20723EDB854006E0104 /* MainViewController.swift in Sources */,
				AF14E21D23F17440006E0104 /* UIColor.swift in Sources */,
				AF14E21A23EDCD69006E0104 /* QuizViewController.swift in Sources */,
				AF14E22123F29D78006E0104 /* UIButton.swift in Sources */,
				AF14E1F323EDB794006E0104 /* AppDelegate.swift in Sources */,
				AF14E21223EDBAC7006E0104 /* Country.swift in Sources */,
				AF8DA2B823F30BB2007DCB09 /* CountryListCell.swift in Sources */,
				AF14E21F23F299C6006E0104 /* GetFlags.swift in Sources */,
				AF8DA2B423F30877007DCB09 /* CountryListViewController.swift in Sources */,
				AF14E21023EDBAA5006E0104 /* SwiftyJSON.swift in Sources */,
			);
			runOnlyForDeploymentPostprocessing = 0;
		};
/* End PBXSourcesBuildPhase section */

/* Begin PBXVariantGroup section */
		AF14E1F623EDB794006E0104 /* Main.storyboard */ = {
			isa = PBXVariantGroup;
			children = (
				AF14E1F723EDB794006E0104 /* Base */,
			);
			name = Main.storyboard;
			sourceTree = "<group>";
		};
		AF14E1FB23EDB795006E0104 /* LaunchScreen.storyboard */ = {
			isa = PBXVariantGroup;
			children = (
				AF14E1FC23EDB795006E0104 /* Base */,
			);
			name = LaunchScreen.storyboard;
			sourceTree = "<group>";
		};
/* End PBXVariantGroup section */

/* Begin XCBuildConfiguration section */
		AF14E1FF23EDB795006E0104 /* Debug */ = {
			isa = XCBuildConfiguration;
			buildSettings = {
				ALWAYS_SEARCH_USER_PATHS = NO;
				CLANG_ANALYZER_NONNULL = YES;
				CLANG_ANALYZER_NUMBER_OBJECT_CONVERSION = YES_AGGRESSIVE;
				CLANG_CXX_LANGUAGE_STANDARD = "gnu++14";
				CLANG_CXX_LIBRARY = "libc++";
				CLANG_ENABLE_MODULES = YES;
				CLANG_ENABLE_OBJC_ARC = YES;
				CLANG_ENABLE_OBJC_WEAK = YES;
				CLANG_WARN_BLOCK_CAPTURE_AUTORELEASING = YES;
				CLANG_WARN_BOOL_CONVERSION = YES;
				CLANG_WARN_COMMA = YES;
				CLANG_WARN_CONSTANT_CONVERSION = YES;
				CLANG_WARN_DEPRECATED_OBJC_IMPLEMENTATIONS = YES;
				CLANG_WARN_DIRECT_OBJC_ISA_USAGE = YES_ERROR;
				CLANG_WARN_DOCUMENTATION_COMMENTS = YES;
				CLANG_WARN_EMPTY_BODY = YES;
				CLANG_WARN_ENUM_CONVERSION = YES;
				CLANG_WARN_INFINITE_RECURSION = YES;
				CLANG_WARN_INT_CONVERSION = YES;
				CLANG_WARN_NON_LITERAL_NULL_CONVERSION = YES;
				CLANG_WARN_OBJC_IMPLICIT_RETAIN_SELF = YES;
				CLANG_WARN_OBJC_LITERAL_CONVERSION = YES;
				CLANG_WARN_OBJC_ROOT_CLASS = YES_ERROR;
				CLANG_WARN_RANGE_LOOP_ANALYSIS = YES;
				CLANG_WARN_STRICT_PROTOTYPES = YES;
				CLANG_WARN_SUSPICIOUS_MOVE = YES;
				CLANG_WARN_UNGUARDED_AVAILABILITY = YES_AGGRESSIVE;
				CLANG_WARN_UNREACHABLE_CODE = YES;
				CLANG_WARN__DUPLICATE_METHOD_MATCH = YES;
				CODE_SIGN_IDENTITY = "iPhone Developer";
				COPY_PHASE_STRIP = NO;
				DEBUG_INFORMATION_FORMAT = dwarf;
				ENABLE_STRICT_OBJC_MSGSEND = YES;
				ENABLE_TESTABILITY = YES;
				GCC_C_LANGUAGE_STANDARD = gnu11;
				GCC_DYNAMIC_NO_PIC = NO;
				GCC_NO_COMMON_BLOCKS = YES;
				GCC_OPTIMIZATION_LEVEL = 0;
				GCC_PREPROCESSOR_DEFINITIONS = (
					"DEBUG=1",
					"$(inherited)",
				);
				GCC_WARN_64_TO_32_BIT_CONVERSION = YES;
				GCC_WARN_ABOUT_RETURN_TYPE = YES_ERROR;
				GCC_WARN_UNDECLARED_SELECTOR = YES;
				GCC_WARN_UNINITIALIZED_AUTOS = YES_AGGRESSIVE;
				GCC_WARN_UNUSED_FUNCTION = YES;
				GCC_WARN_UNUSED_VARIABLE = YES;
				IPHONEOS_DEPLOYMENT_TARGET = 12.4;
				MTL_ENABLE_DEBUG_INFO = INCLUDE_SOURCE;
				MTL_FAST_MATH = YES;
				ONLY_ACTIVE_ARCH = YES;
				SDKROOT = iphoneos;
				SWIFT_ACTIVE_COMPILATION_CONDITIONS = DEBUG;
				SWIFT_OPTIMIZATION_LEVEL = "-Onone";
			};
			name = Debug;
		};
		AF14E20023EDB795006E0104 /* Release */ = {
			isa = XCBuildConfiguration;
			buildSettings = {
				ALWAYS_SEARCH_USER_PATHS = NO;
				CLANG_ANALYZER_NONNULL = YES;
				CLANG_ANALYZER_NUMBER_OBJECT_CONVERSION = YES_AGGRESSIVE;
				CLANG_CXX_LANGUAGE_STANDARD = "gnu++14";
				CLANG_CXX_LIBRARY = "libc++";
				CLANG_ENABLE_MODULES = YES;
				CLANG_ENABLE_OBJC_ARC = YES;
				CLANG_ENABLE_OBJC_WEAK = YES;
				CLANG_WARN_BLOCK_CAPTURE_AUTORELEASING = YES;
				CLANG_WARN_BOOL_CONVERSION = YES;
				CLANG_WARN_COMMA = YES;
				CLANG_WARN_CONSTANT_CONVERSION = YES;
				CLANG_WARN_DEPRECATED_OBJC_IMPLEMENTATIONS = YES;
				CLANG_WARN_DIRECT_OBJC_ISA_USAGE = YES_ERROR;
				CLANG_WARN_DOCUMENTATION_COMMENTS = YES;
				CLANG_WARN_EMPTY_BODY = YES;
				CLANG_WARN_ENUM_CONVERSION = YES;
				CLANG_WARN_INFINITE_RECURSION = YES;
				CLANG_WARN_INT_CONVERSION = YES;
				CLANG_WARN_NON_LITERAL_NULL_CONVERSION = YES;
				CLANG_WARN_OBJC_IMPLICIT_RETAIN_SELF = YES;
				CLANG_WARN_OBJC_LITERAL_CONVERSION = YES;
				CLANG_WARN_OBJC_ROOT_CLASS = YES_ERROR;
				CLANG_WARN_RANGE_LOOP_ANALYSIS = YES;
				CLANG_WARN_STRICT_PROTOTYPES = YES;
				CLANG_WARN_SUSPICIOUS_MOVE = YES;
				CLANG_WARN_UNGUARDED_AVAILABILITY = YES_AGGRESSIVE;
				CLANG_WARN_UNREACHABLE_CODE = YES;
				CLANG_WARN__DUPLICATE_METHOD_MATCH = YES;
				CODE_SIGN_IDENTITY = "iPhone Developer";
				COPY_PHASE_STRIP = NO;
				DEBUG_INFORMATION_FORMAT = "dwarf-with-dsym";
				ENABLE_NS_ASSERTIONS = NO;
				ENABLE_STRICT_OBJC_MSGSEND = YES;
				GCC_C_LANGUAGE_STANDARD = gnu11;
				GCC_NO_COMMON_BLOCKS = YES;
				GCC_WARN_64_TO_32_BIT_CONVERSION = YES;
				GCC_WARN_ABOUT_RETURN_TYPE = YES_ERROR;
				GCC_WARN_UNDECLARED_SELECTOR = YES;
				GCC_WARN_UNINITIALIZED_AUTOS = YES_AGGRESSIVE;
				GCC_WARN_UNUSED_FUNCTION = YES;
				GCC_WARN_UNUSED_VARIABLE = YES;
				IPHONEOS_DEPLOYMENT_TARGET = 12.4;
				MTL_ENABLE_DEBUG_INFO = NO;
				MTL_FAST_MATH = YES;
				SDKROOT = iphoneos;
				SWIFT_COMPILATION_MODE = wholemodule;
				SWIFT_OPTIMIZATION_LEVEL = "-O";
				VALIDATE_PRODUCT = YES;
			};
			name = Release;
		};
		AF14E20223EDB795006E0104 /* Debug */ = {
			isa = XCBuildConfiguration;
			buildSettings = {
				ASSETCATALOG_COMPILER_APPICON_NAME = AppIcon;
				CODE_SIGN_STYLE = Automatic;
				DEVELOPMENT_TEAM = LT2ZWB24ZA;
				INFOPLIST_FILE = FlagCountryQuiz/Info.plist;
				IPHONEOS_DEPLOYMENT_TARGET = 12.0;
				LD_RUNPATH_SEARCH_PATHS = (
					"$(inherited)",
					"@executable_path/Frameworks",
				);
				PRODUCT_BUNDLE_IDENTIFIER = "se.henriklarsson-.FlagCountryQuiz";
				PRODUCT_NAME = "$(TARGET_NAME)";
				SWIFT_VERSION = 5.0;
				TARGETED_DEVICE_FAMILY = 1;
			};
			name = Debug;
		};
		AF14E20323EDB795006E0104 /* Release */ = {
			isa = XCBuildConfiguration;
			buildSettings = {
				ASSETCATALOG_COMPILER_APPICON_NAME = AppIcon;
				CODE_SIGN_STYLE = Automatic;
				DEVELOPMENT_TEAM = LT2ZWB24ZA;
				INFOPLIST_FILE = FlagCountryQuiz/Info.plist;
				IPHONEOS_DEPLOYMENT_TARGET = 12.0;
				LD_RUNPATH_SEARCH_PATHS = (
					"$(inherited)",
					"@executable_path/Frameworks",
				);
				PRODUCT_BUNDLE_IDENTIFIER = "se.henriklarsson-.FlagCountryQuiz";
				PRODUCT_NAME = "$(TARGET_NAME)";
				SWIFT_VERSION = 5.0;
				TARGETED_DEVICE_FAMILY = 1;
			};
			name = Release;
		};
/* End XCBuildConfiguration section */

/* Begin XCConfigurationList section */
		AF14E1EA23EDB794006E0104 /* Build configuration list for PBXProject "FlagCountryQuiz" */ = {
			isa = XCConfigurationList;
			buildConfigurations = (
				AF14E1FF23EDB795006E0104 /* Debug */,
				AF14E20023EDB795006E0104 /* Release */,
			);
			defaultConfigurationIsVisible = 0;
			defaultConfigurationName = Release;
		};
		AF14E20123EDB795006E0104 /* Build configuration list for PBXNativeTarget "FlagCountryQuiz" */ = {
			isa = XCConfigurationList;
			buildConfigurations = (
				AF14E20223EDB795006E0104 /* Debug */,
				AF14E20323EDB795006E0104 /* Release */,
			);
			defaultConfigurationIsVisible = 0;
			defaultConfigurationName = Release;
		};
/* End XCConfigurationList section */
	};
	rootObject = AF14E1E723EDB794006E0104 /* Project object */;
}
